
Microsoft Visual Studio Solution File, Format Version 12.00
# Visual Studio Version 17
VisualStudioVersion = 17.14.36811.4
MinimumVisualStudioVersion = 10.0.40219.1
Project("{FAE04EC0-301F-11D3-BF4B-00C04F79EFBC}") = "ProtocolCLI", "ProtocolCli\ProtocolCLI.csproj", "{C34DB332-128F-4336-91D4-6B526275B510}"
EndProject
Project("{FAE04EC0-301F-11D3-BF4B-00C04F79EFBC}") = "ModbusDriver", "ModbusSND\ModbusDriver.csproj", "{0E582B5B-3238-441F-845C-1C3BDB9C9DC3}"
EndProject
Project("{FAE04EC0-301F-11D3-BF4B-00C04F79EFBC}") = "ModbusDriver.Tests", "ModbusDriver.Tests\ModbusDriver.Tests.csproj", "{A903B792-D12B-4776-A2DF-758DE955A5B9}"
EndProject
Global
	GlobalSection(SolutionConfigurationPlatforms) = preSolution
		Debug|Any CPU = Debug|Any CPU
		Release|Any CPU = Release|Any CPU
	EndGlobalSection
	GlobalSection(ProjectConfigurationPlatforms) = postSolution
		{C34DB332-128F-4336-91D4-6B526275B510}.Debug|Any CPU.ActiveCfg = Debug|Any CPU
		{C34DB332-128F-4336-91D4-6B526275B510}.Debug|Any CPU.Build.0 = Debug|Any CPU
		{C34DB332-128F-4336-91D4-6B526275B510}.Release|Any CPU.ActiveCfg = Release|Any CPU
		{C34DB332-128F-4336-91D4-6B526275B510}.Release|Any CPU.Build.0 = Release|Any CPU
		{0E582B5B-3238-441F-845C-1C3BDB9C9DC3}.Debug|Any CPU.ActiveCfg = Debug|Any CPU
		{0E582B5B-3238-441F-845C-1C3BDB9C9DC3}.Debug|Any CPU.Build.0 = Debug|Any CPU
		{0E582B5B-3238-441F-845C-1C3BDB9C9DC3}.Release|Any CPU.ActiveCfg = Release|Any CPU
		{0E582B5B-3238-441F-845C-1C3BDB9C9DC3}.Release|Any CPU.Build.0 = Release|Any CPU
		{A903B792-D12B-4776-A2DF-758DE955A5B9}.Debug|Any CPU.ActiveCfg = Debug|Any CPU
		{A903B792-D12B-4776-A2DF-758DE955A5B9}.Debug|Any CPU.Build.0 = Debug|Any CPU
		{A903B792-D12B-4776-A2DF-758DE955A5B9}.Release|Any CPU.ActiveCfg = Release|Any CPU
		{A903B792-D12B-4776-A2DF-758DE955A5B9}.Release|Any CPU.Build.0 = Release|Any CPU
	EndGlobalSection
	GlobalSection(SolutionProperties) = preSolution
		HideSolutionNode = FALSE
	EndGlobalSection
	GlobalSection(ExtensibilityGlobals) = postSolution
		SolutionGuid = {2E12DA58-054E-4053-B221-967434D4D169}
	EndGlobalSection
EndGlobal
